PODS:
  - AWSAuthCore (2.6.2):
    - AWSCore (= 2.6.2)
  - AWSCognito (2.6.2):
    - AWSCore (= 2.6.2)
  - AWSCore (2.6.2)
  - AWSS3 (2.6.2):
    - AWSCore (= 2.6.2)

DEPENDENCIES:
  - AWSAuthCore (~> 2.6.1)
  - AWSCognito (~> 2.6.1)
  - AWSS3 (~> 2.6.1)

SPEC CHECKSUMS:
  AWSAuthCore: 41155990fc5b10d84667c237a8757799edbf6267
  AWSCognito: e8db76ef485fbbc1c90617217451301b1477ce45
  AWSCore: 8f458961a4967be219162108f5be7df1c935639a
  AWSS3: b3e2c4aca868cae06b5b88337ceabee25709fcc5

PODFILE CHECKSUM: a1cd43070cb9566c883a0b6c332115e9f6e24b18

COCOAPODS: 1.3.1
